
Microsoft Visual Studio Solution File, Format Version 12.00
# Blend for Visual Studio Version 16
VisualStudioVersion = 16.0.31829.152
MinimumVisualStudioVersion = 10.0.40219.1
Project("{FAE04EC0-301F-11D3-BF4B-00C04F79EFBC}") = "WpfApp11", "WpfApp11\WpfApp11.csproj", "{9856C33F-E375-4A89-AF26-60F650A9426E}"
EndProject
Project("{FAE04EC0-301F-11D3-BF4B-00C04F79EFBC}") = "WpfApp11-2", "..\WpfApp11-2\WpfApp11-2\WpfApp11-2.csproj", "{F5997CB8-11DD-4DBD-925F-B13C1E7E01E7}"
EndProject
Global
	GlobalSection(SolutionConfigurationPlatforms) = preSolution
		Debug|Any CPU = Debug|Any CPU
		Release|Any CPU = Release|Any CPU
	EndGlobalSection
	GlobalSection(ProjectConfigurationPlatforms) = postSolution
		{9856C33F-E375-4A89-AF26-60F650A9426E}.Debug|Any CPU.ActiveCfg = Debug|Any CPU
		{9856C33F-E375-4A89-AF26-60F650A9426E}.Debug|Any CPU.Build.0 = Debug|Any CPU
		{9856C33F-E375-4A89-AF26-60F650A9426E}.Release|Any CPU.ActiveCfg = Release|Any CPU
		{9856C33F-E375-4A89-AF26-60F650A9426E}.Release|Any CPU.Build.0 = Release|Any CPU
		{F5997CB8-11DD-4DBD-925F-B13C1E7E01E7}.Debug|Any CPU.ActiveCfg = Debug|Any CPU
		{F5997CB8-11DD-4DBD-925F-B13C1E7E01E7}.Debug|Any CPU.Build.0 = Debug|Any CPU
		{F5997CB8-11DD-4DBD-925F-B13C1E7E01E7}.Release|Any CPU.ActiveCfg = Release|Any CPU
		{F5997CB8-11DD-4DBD-925F-B13C1E7E01E7}.Release|Any CPU.Build.0 = Release|Any CPU
	EndGlobalSection
	GlobalSection(SolutionProperties) = preSolution
		HideSolutionNode = FALSE
	EndGlobalSection
	GlobalSection(ExtensibilityGlobals) = postSolution
		SolutionGuid = {897D04DA-E0EB-446E-9A69-5B68CFD441F0}
	EndGlobalSection
EndGlobal
